<?xml version="1.0" encoding="utf-8"?>
<Project ToolsVersion="4.0" xmlns="http://schemas.microsoft.com/developer/msbuild/2003">
  <ItemGroup>
    <ClCompile Include="source\GameObject.cpp">
      <Filter>source</Filter>
    </ClCompile>
    <ClCompile Include="source\Hitbox.cpp">
      <Filter>source</Filter>
    </ClCompile>
    <ClCompile Include="source\LTexture.cpp">
      <Filter>source</Filter>
    </ClCompile>
    <ClCompile Include="source.cpp">
      <Filter>source</Filter>
    </ClCompile>
    <ClCompile Include="source\LTimer.cpp">
      <Filter>source</Filter>
    </ClCompile>
    <ClCompile Include="source\NewRobot.cpp">
      <Filter>source</Filter>
    </ClCompile>
    <ClCompile Include="source\Game.cpp">
      <Filter>source</Filter>
    </ClCompile>
    <ClCompile Include="source\Bullet.cpp">
      <Filter>source</Filter>
    </ClCompile>
    <ClCompile Include="source\NewWeapon.cpp">
      <Filter>source</Filter>
    </ClCompile>
    <ClCompile Include="source\Sound.cpp">
      <Filter>source</Filter>
    </ClCompile>
    <ClCompile Include="source\StatusBar.cpp">
      <Filter>source</Filter>
    </ClCompile>
    <ClCompile Include="ThemeMusic.cpp">
      <Filter>source</Filter>
    </ClCompile>
    <ClCompile Include="source\StatusBar.cpp" />
  </ItemGroup>
  <ItemGroup>
    <ClInclude Include="include\Controller.h">
      <Filter>include</Filter>
    </ClInclude>
    <ClInclude Include="include\Hitbox.h">
      <Filter>include</Filter>
    </ClInclude>
    <ClInclude Include="include\LTexture.h">
      <Filter>include</Filter>
    </ClInclude>
    <ClInclude Include="include\LTimer.h">
      <Filter>include</Filter>
    </ClInclude>
    <ClInclude Include="include\Bullet.h">
      <Filter>include</Filter>
    </ClInclude>
    <ClInclude Include="include\Game.h">
      <Filter>include</Filter>
    </ClInclude>
    <ClInclude Include="include\GameObject.h">
      <Filter>include</Filter>
    </ClInclude>
    <ClInclude Include="include\NewRobot.h">
      <Filter>include</Filter>
    </ClInclude>
    <ClInclude Include="include\NewWeapon.h">
      <Filter>include</Filter>
    </ClInclude>
    <ClInclude Include="include\Sound.h">
      <Filter>include</Filter>
    </ClInclude>
    <ClInclude Include="include\StatusBar.h">
      <Filter>include</Filter>
    </ClInclude>
    <ClInclude Include="ThemeMusic.h">
      <Filter>include</Filter>
    </ClInclude>
    <ClInclude Include="include\Sound.h" />
    <ClInclude Include="include\StatusBar.h" />
  </ItemGroup>
  <ItemGroup>
    <Filter Include="include">
      <UniqueIdentifier>{e7677267-d89b-488d-8e9f-4c71abd5436a}</UniqueIdentifier>
    </Filter>
    <Filter Include="source">
      <UniqueIdentifier>{a288d0dc-3c75-487f-85c1-8e4389ebe43b}</UniqueIdentifier>
    </Filter>
  </ItemGroup>
</Project>