<?xml version="1.0" encoding="utf-8"?>
<Project ToolsVersion="4.0" xmlns="http://schemas.microsoft.com/developer/msbuild/2003">
  <ItemGroup>
    <ClCompile Include="source\Weapon.cpp">
      <Filter>source</Filter>
    </ClCompile>
    <ClCompile Include="Bullet.cpp">
      <Filter>source</Filter>
    </ClCompile>
    <ClCompile Include="Game.cpp">
      <Filter>source</Filter>
    </ClCompile>
    <ClCompile Include="source\GameObject.cpp">
      <Filter>source</Filter>
    </ClCompile>
    <ClCompile Include="source\Hitbox.cpp">
      <Filter>source</Filter>
    </ClCompile>
    <ClCompile Include="source\LTexture.cpp">
      <Filter>source</Filter>
    </ClCompile>
    <ClCompile Include="NewRobot.cpp">
      <Filter>source</Filter>
    </ClCompile>
    <ClCompile Include="NewWeapon.cpp">
      <Filter>source</Filter>
    </ClCompile>
    <ClCompile Include="source\Projectiles.cpp">
      <Filter>source</Filter>
    </ClCompile>
    <ClCompile Include="source\Robot.cpp">
      <Filter>source</Filter>
    </ClCompile>
    <ClCompile Include="source.cpp">
      <Filter>source</Filter>
    </ClCompile>
    <ClCompile Include="source\LTimer.cpp">
      <Filter>source</Filter>
    </ClCompile>
    <ClCompile Include="Sound.cpp">
      <Filter>source</Filter>
    </ClCompile>
  </ItemGroup>
  <ItemGroup>
    <ClInclude Include="Game.h">
      <Filter>include</Filter>
    </ClInclude>
    <ClInclude Include="Bullet.h">
      <Filter>include</Filter>
    </ClInclude>
    <ClInclude Include="include\Controller.h">
      <Filter>include</Filter>
    </ClInclude>
    <ClInclude Include="include\Hitbox.h">
      <Filter>include</Filter>
    </ClInclude>
    <ClInclude Include="include\LTexture.h">
      <Filter>include</Filter>
    </ClInclude>
    <ClInclude Include="NewRobot.h">
      <Filter>include</Filter>
    </ClInclude>
    <ClInclude Include="include\Robot.h">
      <Filter>include</Filter>
    </ClInclude>
    <ClInclude Include="include\Weapon.h">
      <Filter>include</Filter>
    </ClInclude>
    <ClInclude Include="include\Projectile.h">
      <Filter>include</Filter>
    </ClInclude>
    <ClInclude Include="GameObject.h">
      <Filter>include</Filter>
    </ClInclude>
    <ClInclude Include="NewWeapon.h">
      <Filter>include</Filter>
    </ClInclude>
    <ClInclude Include="include\LTimer.h">
      <Filter>include</Filter>
    </ClInclude>
    <ClInclude Include="Sound.h">
      <Filter>include</Filter>
    </ClInclude>
  </ItemGroup>
  <ItemGroup>
    <Filter Include="include">
      <UniqueIdentifier>{e7677267-d89b-488d-8e9f-4c71abd5436a}</UniqueIdentifier>
    </Filter>
    <Filter Include="source">
      <UniqueIdentifier>{a288d0dc-3c75-487f-85c1-8e4389ebe43b}</UniqueIdentifier>
    </Filter>
  </ItemGroup>
</Project>