<?xml version="1.0" encoding="utf-8"?>
<Project ToolsVersion="4.0" xmlns="http://schemas.microsoft.com/developer/msbuild/2003">
  <ItemGroup>
    <ClCompile Include="Bullet.cpp" />
    <ClCompile Include="Game.cpp" />
    <ClCompile Include="source.cpp" />
    <ClCompile Include="source\GameObject.cpp" />
    <ClCompile Include="source\Hitbox.cpp" />
    <ClCompile Include="source\LTexture.cpp" />
    <ClCompile Include="source\Projectiles.cpp" />
    <ClCompile Include="source\Robot.cpp" />
    <ClCompile Include="source\Weapon.cpp" />
    <ClCompile Include="NewWeapon.cpp" />
    <ClCompile Include="NewRobot.cpp" />
  </ItemGroup>
  <ItemGroup>
    <ClInclude Include="Bullet.h" />
    <ClInclude Include="Game.h" />
    <ClInclude Include="GameObject.h" />
    <ClInclude Include="include\Controller.h" />
    <ClInclude Include="include\Hitbox.h" />
    <ClInclude Include="include\LTexture.h" />
    <ClInclude Include="include\Projectile.h" />
    <ClInclude Include="include\Robot.h" />
    <ClInclude Include="include\Weapon.h" />
    <ClInclude Include="NewWeapon.h" />
    <ClInclude Include="NewRobot.h" />
  </ItemGroup>
</Project>